// !$*UTF8*$!
{
	archiveVersion = 1;
	classes = {
	};
	objectVersion = 50;
	objects = {

/* Begin PBXBuildFile section */
		451C615322A9018F0021D235 /* AppDelegate.swift in Sources */ = {isa = PBXBuildFile; fileRef = 451C615222A9018F0021D235 /* AppDelegate.swift */; };
		451C615822A9018F0021D235 /* Main.storyboard in Resources */ = {isa = PBXBuildFile; fileRef = 451C615622A9018F0021D235 /* Main.storyboard */; };
		451C615A22A901910021D235 /* Assets.xcassets in Resources */ = {isa = PBXBuildFile; fileRef = 451C615922A901910021D235 /* Assets.xcassets */; };
		451C615D22A901910021D235 /* LaunchScreen.storyboard in Resources */ = {isa = PBXBuildFile; fileRef = 451C615B22A901910021D235 /* LaunchScreen.storyboard */; };
		451C616522A90FA80021D235 /* CreateViewController.swift in Sources */ = {isa = PBXBuildFile; fileRef = 451C616422A90FA80021D235 /* CreateViewController.swift */; };
		451C616722A90FEB0021D235 /* TaskListTableViewController.swift in Sources */ = {isa = PBXBuildFile; fileRef = 451C616622A90FEB0021D235 /* TaskListTableViewController.swift */; };
		451C616922A914090021D235 /* TaskTableViewCell.swift in Sources */ = {isa = PBXBuildFile; fileRef = 451C616822A914090021D235 /* TaskTableViewCell.swift */; };
		451C616B22A98A780021D235 /* EditTaskViewController.swift in Sources */ = {isa = PBXBuildFile; fileRef = 451C616A22A98A780021D235 /* EditTaskViewController.swift */; };
		451C617322AA81820021D235 /* NotificationCenter.framework in Frameworks */ = {isa = PBXBuildFile; fileRef = 451C617222AA81820021D235 /* NotificationCenter.framework */; };
		451C617622AA81820021D235 /* TodayViewController.swift in Sources */ = {isa = PBXBuildFile; fileRef = 451C617522AA81820021D235 /* TodayViewController.swift */; };
		451C617922AA81820021D235 /* MainInterface.storyboard in Resources */ = {isa = PBXBuildFile; fileRef = 451C617722AA81820021D235 /* MainInterface.storyboard */; };
		451C617D22AA81820021D235 /* TodayExtension.appex in Embed App Extensions */ = {isa = PBXBuildFile; fileRef = 451C617022AA81810021D235 /* TodayExtension.appex */; settings = {ATTRIBUTES = (RemoveHeadersOnCopy, ); }; };
		451C618722AB98880021D235 /* ViewTaskViewController.swift in Sources */ = {isa = PBXBuildFile; fileRef = 451C618622AB98880021D235 /* ViewTaskViewController.swift */; };
/* End PBXBuildFile section */

/* Begin PBXContainerItemProxy section */
		451C617B22AA81820021D235 /* PBXContainerItemProxy */ = {
			isa = PBXContainerItemProxy;
			containerPortal = 451C614722A9018F0021D235 /* Project object */;
			proxyType = 1;
			remoteGlobalIDString = 451C616F22AA81810021D235;
			remoteInfo = TodayExtension;
		};
/* End PBXContainerItemProxy section */

/* Begin PBXCopyFilesBuildPhase section */
		451C618122AA81820021D235 /* Embed App Extensions */ = {
			isa = PBXCopyFilesBuildPhase;
			buildActionMask = 2147483647;
			dstPath = "";
			dstSubfolderSpec = 13;
			files = (
				451C617D22AA81820021D235 /* TodayExtension.appex in Embed App Extensions */,
			);
			name = "Embed App Extensions";
			runOnlyForDeploymentPostprocessing = 0;
		};
/* End PBXCopyFilesBuildPhase section */

/* Begin PBXFileReference section */
		451C614F22A9018F0021D235 /* ABBYY_Test_Task.app */ = {isa = PBXFileReference; explicitFileType = wrapper.application; includeInIndex = 0; path = ABBYY_Test_Task.app; sourceTree = BUILT_PRODUCTS_DIR; };
		451C615222A9018F0021D235 /* AppDelegate.swift */ = {isa = PBXFileReference; lastKnownFileType = sourcecode.swift; path = AppDelegate.swift; sourceTree = "<group>"; };
		451C615722A9018F0021D235 /* Base */ = {isa = PBXFileReference; lastKnownFileType = file.storyboard; name = Base; path = Base.lproj/Main.storyboard; sourceTree = "<group>"; };
		451C615922A901910021D235 /* Assets.xcassets */ = {isa = PBXFileReference; lastKnownFileType = folder.assetcatalog; path = Assets.xcassets; sourceTree = "<group>"; };
		451C615C22A901910021D235 /* Base */ = {isa = PBXFileReference; lastKnownFileType = file.storyboard; name = Base; path = Base.lproj/LaunchScreen.storyboard; sourceTree = "<group>"; };
		451C615E22A901910021D235 /* Info.plist */ = {isa = PBXFileReference; lastKnownFileType = text.plist.xml; path = Info.plist; sourceTree = "<group>"; };
		451C616422A90FA80021D235 /* CreateViewController.swift */ = {isa = PBXFileReference; lastKnownFileType = sourcecode.swift; path = CreateViewController.swift; sourceTree = "<group>"; };
		451C616622A90FEB0021D235 /* TaskListTableViewController.swift */ = {isa = PBXFileReference; lastKnownFileType = sourcecode.swift; path = TaskListTableViewController.swift; sourceTree = "<group>"; };
		451C616822A914090021D235 /* TaskTableViewCell.swift */ = {isa = PBXFileReference; lastKnownFileType = sourcecode.swift; path = TaskTableViewCell.swift; sourceTree = "<group>"; };
		451C616A22A98A780021D235 /* EditTaskViewController.swift */ = {isa = PBXFileReference; lastKnownFileType = sourcecode.swift; path = EditTaskViewController.swift; sourceTree = "<group>"; };
		451C617022AA81810021D235 /* TodayExtension.appex */ = {isa = PBXFileReference; explicitFileType = "wrapper.app-extension"; includeInIndex = 0; path = TodayExtension.appex; sourceTree = BUILT_PRODUCTS_DIR; };
		451C617222AA81820021D235 /* NotificationCenter.framework */ = {isa = PBXFileReference; lastKnownFileType = wrapper.framework; name = NotificationCenter.framework; path = System/Library/Frameworks/NotificationCenter.framework; sourceTree = SDKROOT; };
		451C617522AA81820021D235 /* TodayViewController.swift */ = {isa = PBXFileReference; lastKnownFileType = sourcecode.swift; path = TodayViewController.swift; sourceTree = "<group>"; };
		451C617822AA81820021D235 /* Base */ = {isa = PBXFileReference; lastKnownFileType = file.storyboard; name = Base; path = Base.lproj/MainInterface.storyboard; sourceTree = "<group>"; };
		451C617A22AA81820021D235 /* Info.plist */ = {isa = PBXFileReference; lastKnownFileType = text.plist.xml; path = Info.plist; sourceTree = "<group>"; };
		451C618422AA8C950021D235 /* ABBYY_Test_Task.entitlements */ = {isa = PBXFileReference; lastKnownFileType = text.plist.entitlements; path = ABBYY_Test_Task.entitlements; sourceTree = "<group>"; };
		451C618522AA8CA40021D235 /* TodayExtension.entitlements */ = {isa = PBXFileReference; lastKnownFileType = text.plist.entitlements; path = TodayExtension.entitlements; sourceTree = "<group>"; };
		451C618622AB98880021D235 /* ViewTaskViewController.swift */ = {isa = PBXFileReference; lastKnownFileType = sourcecode.swift; path = ViewTaskViewController.swift; sourceTree = "<group>"; };
/* End PBXFileReference section */

/* Begin PBXFrameworksBuildPhase section */
		451C614C22A9018F0021D235 /* Frameworks */ = {
			isa = PBXFrameworksBuildPhase;
			buildActionMask = 2147483647;
			files = (
			);
			runOnlyForDeploymentPostprocessing = 0;
		};
		451C616D22AA81810021D235 /* Frameworks */ = {
			isa = PBXFrameworksBuildPhase;
			buildActionMask = 2147483647;
			files = (
				451C617322AA81820021D235 /* NotificationCenter.framework in Frameworks */,
			);
			runOnlyForDeploymentPostprocessing = 0;
		};
/* End PBXFrameworksBuildPhase section */

/* Begin PBXGroup section */
		451C614622A9018F0021D235 = {
			isa = PBXGroup;
			children = (
				451C615122A9018F0021D235 /* ABBYY_Test_Task */,
				451C617422AA81820021D235 /* TodayExtension */,
				451C617122AA81820021D235 /* Frameworks */,
				451C615022A9018F0021D235 /* Products */,
			);
			sourceTree = "<group>";
		};
		451C615022A9018F0021D235 /* Products */ = {
			isa = PBXGroup;
			children = (
				451C614F22A9018F0021D235 /* ABBYY_Test_Task.app */,
				451C617022AA81810021D235 /* TodayExtension.appex */,
			);
			name = Products;
			sourceTree = "<group>";
		};
		451C615122A9018F0021D235 /* ABBYY_Test_Task */ = {
			isa = PBXGroup;
			children = (
				451C618922AB98F10021D235 /* TableViewContoller */,
				451C618822AB98BE0021D235 /* ViewControllers */,
				451C618422AA8C950021D235 /* ABBYY_Test_Task.entitlements */,
				451C615222A9018F0021D235 /* AppDelegate.swift */,
				451C615622A9018F0021D235 /* Main.storyboard */,
				451C615922A901910021D235 /* Assets.xcassets */,
				451C615B22A901910021D235 /* LaunchScreen.storyboard */,
				451C615E22A901910021D235 /* Info.plist */,
			);
			path = ABBYY_Test_Task;
			sourceTree = "<group>";
		};
		451C617122AA81820021D235 /* Frameworks */ = {
			isa = PBXGroup;
			children = (
				451C617222AA81820021D235 /* NotificationCenter.framework */,
			);
			name = Frameworks;
			sourceTree = "<group>";
		};
		451C617422AA81820021D235 /* TodayExtension */ = {
			isa = PBXGroup;
			children = (
				451C618522AA8CA40021D235 /* TodayExtension.entitlements */,
				451C617522AA81820021D235 /* TodayViewController.swift */,
				451C617722AA81820021D235 /* MainInterface.storyboard */,
				451C617A22AA81820021D235 /* Info.plist */,
			);
			path = TodayExtension;
			sourceTree = "<group>";
		};
		451C618822AB98BE0021D235 /* ViewControllers */ = {
			isa = PBXGroup;
			children = (
				451C616422A90FA80021D235 /* CreateViewController.swift */,
				451C616A22A98A780021D235 /* EditTaskViewController.swift */,
				451C618622AB98880021D235 /* ViewTaskViewController.swift */,
			);
			path = ViewControllers;
			sourceTree = "<group>";
		};
		451C618922AB98F10021D235 /* TableViewContoller */ = {
			isa = PBXGroup;
			children = (
				451C616622A90FEB0021D235 /* TaskListTableViewController.swift */,
				451C616822A914090021D235 /* TaskTableViewCell.swift */,
			);
			path = TableViewContoller;
			sourceTree = "<group>";
		};
/* End PBXGroup section */

/* Begin PBXNativeTarget section */
		451C614E22A9018F0021D235 /* ABBYY_Test_Task */ = {
			isa = PBXNativeTarget;
			buildConfigurationList = 451C616122A901910021D235 /* Build configuration list for PBXNativeTarget "ABBYY_Test_Task" */;
			buildPhases = (
				451C614B22A9018F0021D235 /* Sources */,
				451C614C22A9018F0021D235 /* Frameworks */,
				451C614D22A9018F0021D235 /* Resources */,
				451C618122AA81820021D235 /* Embed App Extensions */,
			);
			buildRules = (
			);
			dependencies = (
				451C617C22AA81820021D235 /* PBXTargetDependency */,
			);
			name = ABBYY_Test_Task;
			productName = ABBYY_Test_Task;
			productReference = 451C614F22A9018F0021D235 /* ABBYY_Test_Task.app */;
			productType = "com.apple.product-type.application";
		};
		451C616F22AA81810021D235 /* TodayExtension */ = {
			isa = PBXNativeTarget;
			buildConfigurationList = 451C617E22AA81820021D235 /* Build configuration list for PBXNativeTarget "TodayExtension" */;
			buildPhases = (
				451C616C22AA81810021D235 /* Sources */,
				451C616D22AA81810021D235 /* Frameworks */,
				451C616E22AA81810021D235 /* Resources */,
			);
			buildRules = (
			);
			dependencies = (
			);
			name = TodayExtension;
			productName = TodayExtension;
			productReference = 451C617022AA81810021D235 /* TodayExtension.appex */;
			productType = "com.apple.product-type.app-extension";
		};
/* End PBXNativeTarget section */

/* Begin PBXProject section */
		451C614722A9018F0021D235 /* Project object */ = {
			isa = PBXProject;
			attributes = {
				LastSwiftUpdateCheck = 1010;
				LastUpgradeCheck = 1010;
				ORGANIZATIONNAME = "Ирина Соловьева";
				TargetAttributes = {
					451C614E22A9018F0021D235 = {
						CreatedOnToolsVersion = 10.1;
						SystemCapabilities = {
							com.apple.ApplicationGroups.iOS = {
								enabled = 1;
							};
						};
					};
					451C616F22AA81810021D235 = {
						CreatedOnToolsVersion = 10.1;
						SystemCapabilities = {
							com.apple.ApplicationGroups.iOS = {
								enabled = 1;
							};
						};
					};
				};
			};
			buildConfigurationList = 451C614A22A9018F0021D235 /* Build configuration list for PBXProject "ABBYY_Test_Task" */;
			compatibilityVersion = "Xcode 9.3";
			developmentRegion = en;
			hasScannedForEncodings = 0;
			knownRegions = (
				en,
				Base,
			);
			mainGroup = 451C614622A9018F0021D235;
			productRefGroup = 451C615022A9018F0021D235 /* Products */;
			projectDirPath = "";
			projectRoot = "";
			targets = (
				451C614E22A9018F0021D235 /* ABBYY_Test_Task */,
				451C616F22AA81810021D235 /* TodayExtension */,
			);
		};
/* End PBXProject section */

/* Begin PBXResourcesBuildPhase section */
		451C614D22A9018F0021D235 /* Resources */ = {
			isa = PBXResourcesBuildPhase;
			buildActionMask = 2147483647;
			files = (
				451C615D22A901910021D235 /* LaunchScreen.storyboard in Resources */,
				451C615A22A901910021D235 /* Assets.xcassets in Resources */,
				451C615822A9018F0021D235 /* Main.storyboard in Resources */,
			);
			runOnlyForDeploymentPostprocessing = 0;
		};
		451C616E22AA81810021D235 /* Resources */ = {
			isa = PBXResourcesBuildPhase;
			buildActionMask = 2147483647;
			files = (
				451C617922AA81820021D235 /* MainInterface.storyboard in Resources */,
			);
			runOnlyForDeploymentPostprocessing = 0;
		};
/* End PBXResourcesBuildPhase section */

/* Begin PBXSourcesBuildPhase section */
		451C614B22A9018F0021D235 /* Sources */ = {
			isa = PBXSourcesBuildPhase;
			buildActionMask = 2147483647;
			files = (
				451C616922A914090021D235 /* TaskTableViewCell.swift in Sources */,
				451C616722A90FEB0021D235 /* TaskListTableViewController.swift in Sources */,
				451C618722AB98880021D235 /* ViewTaskViewController.swift in Sources */,
				451C616B22A98A780021D235 /* EditTaskViewController.swift in Sources */,
				451C616522A90FA80021D235 /* CreateViewController.swift in Sources */,
				451C615322A9018F0021D235 /* AppDelegate.swift in Sources */,
			);
			runOnlyForDeploymentPostprocessing = 0;
		};
		451C616C22AA81810021D235 /* Sources */ = {
			isa = PBXSourcesBuildPhase;
			buildActionMask = 2147483647;
			files = (
				451C617622AA81820021D235 /* TodayViewController.swift in Sources */,
			);
			runOnlyForDeploymentPostprocessing = 0;
		};
/* End PBXSourcesBuildPhase section */

/* Begin PBXTargetDependency section */
		451C617C22AA81820021D235 /* PBXTargetDependency */ = {
			isa = PBXTargetDependency;
			target = 451C616F22AA81810021D235 /* TodayExtension */;
			targetProxy = 451C617B22AA81820021D235 /* PBXContainerItemProxy */;
		};
/* End PBXTargetDependency section */

/* Begin PBXVariantGroup section */
		451C615622A9018F0021D235 /* Main.storyboard */ = {
			isa = PBXVariantGroup;
			children = (
				451C615722A9018F0021D235 /* Base */,
			);
			name = Main.storyboard;
			sourceTree = "<group>";
		};
		451C615B22A901910021D235 /* LaunchScreen.storyboard */ = {
			isa = PBXVariantGroup;
			children = (
				451C615C22A901910021D235 /* Base */,
			);
			name = LaunchScreen.storyboard;
			sourceTree = "<group>";
		};
		451C617722AA81820021D235 /* MainInterface.storyboard */ = {
			isa = PBXVariantGroup;
			children = (
				451C617822AA81820021D235 /* Base */,
			);
			name = MainInterface.storyboard;
			sourceTree = "<group>";
		};
/* End PBXVariantGroup section */

/* Begin XCBuildConfiguration section */
		451C615F22A901910021D235 /* Debug */ = {
			isa = XCBuildConfiguration;
			buildSettings = {
				ALWAYS_SEARCH_USER_PATHS = NO;
				CLANG_ANALYZER_NONNULL = YES;
				CLANG_ANALYZER_NUMBER_OBJECT_CONVERSION = YES_AGGRESSIVE;
				CLANG_CXX_LANGUAGE_STANDARD = "gnu++14";
				CLANG_CXX_LIBRARY = "libc++";
				CLANG_ENABLE_MODULES = YES;
				CLANG_ENABLE_OBJC_ARC = YES;
				CLANG_ENABLE_OBJC_WEAK = YES;
				CLANG_WARN_BLOCK_CAPTURE_AUTORELEASING = YES;
				CLANG_WARN_BOOL_CONVERSION = YES;
				CLANG_WARN_COMMA = YES;
				CLANG_WARN_CONSTANT_CONVERSION = YES;
				CLANG_WARN_DEPRECATED_OBJC_IMPLEMENTATIONS = YES;
				CLANG_WARN_DIRECT_OBJC_ISA_USAGE = YES_ERROR;
				CLANG_WARN_DOCUMENTATION_COMMENTS = YES;
				CLANG_WARN_EMPTY_BODY = YES;
				CLANG_WARN_ENUM_CONVERSION = YES;
				CLANG_WARN_INFINITE_RECURSION = YES;
				CLANG_WARN_INT_CONVERSION = YES;
				CLANG_WARN_NON_LITERAL_NULL_CONVERSION = YES;
				CLANG_WARN_OBJC_IMPLICIT_RETAIN_SELF = YES;
				CLANG_WARN_OBJC_LITERAL_CONVERSION = YES;
				CLANG_WARN_OBJC_ROOT_CLASS = YES_ERROR;
				CLANG_WARN_RANGE_LOOP_ANALYSIS = YES;
				CLANG_WARN_STRICT_PROTOTYPES = YES;
				CLANG_WARN_SUSPICIOUS_MOVE = YES;
				CLANG_WARN_UNGUARDED_AVAILABILITY = YES_AGGRESSIVE;
				CLANG_WARN_UNREACHABLE_CODE = YES;
				CLANG_WARN__DUPLICATE_METHOD_MATCH = YES;
				CODE_SIGN_IDENTITY = "iPhone Developer";
				COPY_PHASE_STRIP = NO;
				DEBUG_INFORMATION_FORMAT = dwarf;
				ENABLE_STRICT_OBJC_MSGSEND = YES;
				ENABLE_TESTABILITY = YES;
				GCC_C_LANGUAGE_STANDARD = gnu11;
				GCC_DYNAMIC_NO_PIC = NO;
				GCC_NO_COMMON_BLOCKS = YES;
				GCC_OPTIMIZATION_LEVEL = 0;
				GCC_PREPROCESSOR_DEFINITIONS = (
					"DEBUG=1",
					"$(inherited)",
				);
				GCC_WARN_64_TO_32_BIT_CONVERSION = YES;
				GCC_WARN_ABOUT_RETURN_TYPE = YES_ERROR;
				GCC_WARN_UNDECLARED_SELECTOR = YES;
				GCC_WARN_UNINITIALIZED_AUTOS = YES_AGGRESSIVE;
				GCC_WARN_UNUSED_FUNCTION = YES;
				GCC_WARN_UNUSED_VARIABLE = YES;
				IPHONEOS_DEPLOYMENT_TARGET = 12.1;
				MTL_ENABLE_DEBUG_INFO = INCLUDE_SOURCE;
				MTL_FAST_MATH = YES;
				ONLY_ACTIVE_ARCH = YES;
				SDKROOT = iphoneos;
				SWIFT_ACTIVE_COMPILATION_CONDITIONS = DEBUG;
				SWIFT_OPTIMIZATION_LEVEL = "-Onone";
			};
			name = Debug;
		};
		451C616022A901910021D235 /* Release */ = {
			isa = XCBuildConfiguration;
			buildSettings = {
				ALWAYS_SEARCH_USER_PATHS = NO;
				CLANG_ANALYZER_NONNULL = YES;
				CLANG_ANALYZER_NUMBER_OBJECT_CONVERSION = YES_AGGRESSIVE;
				CLANG_CXX_LANGUAGE_STANDARD = "gnu++14";
				CLANG_CXX_LIBRARY = "libc++";
				CLANG_ENABLE_MODULES = YES;
				CLANG_ENABLE_OBJC_ARC = YES;
				CLANG_ENABLE_OBJC_WEAK = YES;
				CLANG_WARN_BLOCK_CAPTURE_AUTORELEASING = YES;
				CLANG_WARN_BOOL_CONVERSION = YES;
				CLANG_WARN_COMMA = YES;
				CLANG_WARN_CONSTANT_CONVERSION = YES;
				CLANG_WARN_DEPRECATED_OBJC_IMPLEMENTATIONS = YES;
				CLANG_WARN_DIRECT_OBJC_ISA_USAGE = YES_ERROR;
				CLANG_WARN_DOCUMENTATION_COMMENTS = YES;
				CLANG_WARN_EMPTY_BODY = YES;
				CLANG_WARN_ENUM_CONVERSION = YES;
				CLANG_WARN_INFINITE_RECURSION = YES;
				CLANG_WARN_INT_CONVERSION = YES;
				CLANG_WARN_NON_LITERAL_NULL_CONVERSION = YES;
				CLANG_WARN_OBJC_IMPLICIT_RETAIN_SELF = YES;
				CLANG_WARN_OBJC_LITERAL_CONVERSION = YES;
				CLANG_WARN_OBJC_ROOT_CLASS = YES_ERROR;
				CLANG_WARN_RANGE_LOOP_ANALYSIS = YES;
				CLANG_WARN_STRICT_PROTOTYPES = YES;
				CLANG_WARN_SUSPICIOUS_MOVE = YES;
				CLANG_WARN_UNGUARDED_AVAILABILITY = YES_AGGRESSIVE;
				CLANG_WARN_UNREACHABLE_CODE = YES;
				CLANG_WARN__DUPLICATE_METHOD_MATCH = YES;
				CODE_SIGN_IDENTITY = "iPhone Developer";
				COPY_PHASE_STRIP = NO;
				DEBUG_INFORMATION_FORMAT = "dwarf-with-dsym";
				ENABLE_NS_ASSERTIONS = NO;
				ENABLE_STRICT_OBJC_MSGSEND = YES;
				GCC_C_LANGUAGE_STANDARD = gnu11;
				GCC_NO_COMMON_BLOCKS = YES;
				GCC_WARN_64_TO_32_BIT_CONVERSION = YES;
				GCC_WARN_ABOUT_RETURN_TYPE = YES_ERROR;
				GCC_WARN_UNDECLARED_SELECTOR = YES;
				GCC_WARN_UNINITIALIZED_AUTOS = YES_AGGRESSIVE;
				GCC_WARN_UNUSED_FUNCTION = YES;
				GCC_WARN_UNUSED_VARIABLE = YES;
				IPHONEOS_DEPLOYMENT_TARGET = 12.1;
				MTL_ENABLE_DEBUG_INFO = NO;
				MTL_FAST_MATH = YES;
				SDKROOT = iphoneos;
				SWIFT_COMPILATION_MODE = wholemodule;
				SWIFT_OPTIMIZATION_LEVEL = "-O";
				VALIDATE_PRODUCT = YES;
			};
			name = Release;
		};
		451C616222A901910021D235 /* Debug */ = {
			isa = XCBuildConfiguration;
			buildSettings = {
				ALWAYS_EMBED_SWIFT_STANDARD_LIBRARIES = YES;
				ASSETCATALOG_COMPILER_APPICON_NAME = AppIcon;
				CODE_SIGN_ENTITLEMENTS = ABBYY_Test_Task/ABBYY_Test_Task.entitlements;
				CODE_SIGN_STYLE = Automatic;
				DEVELOPMENT_TEAM = C2FFG5QQR9;
				INFOPLIST_FILE = ABBYY_Test_Task/Info.plist;
				LD_RUNPATH_SEARCH_PATHS = (
					"$(inherited)",
					"@executable_path/Frameworks",
				);
				PRODUCT_BUNDLE_IDENTIFIER = "TDLSI.ABBYY-Test-Task";
				PRODUCT_NAME = "$(TARGET_NAME)";
				SWIFT_VERSION = 4.2;
				TARGETED_DEVICE_FAMILY = "1,2";
			};
			name = Debug;
		};
		451C616322A901910021D235 /* Release */ = {
			isa = XCBuildConfiguration;
			buildSettings = {
				ALWAYS_EMBED_SWIFT_STANDARD_LIBRARIES = YES;
				ASSETCATALOG_COMPILER_APPICON_NAME = AppIcon;
				CODE_SIGN_ENTITLEMENTS = ABBYY_Test_Task/ABBYY_Test_Task.entitlements;
				CODE_SIGN_STYLE = Automatic;
				DEVELOPMENT_TEAM = C2FFG5QQR9;
				INFOPLIST_FILE = ABBYY_Test_Task/Info.plist;
				LD_RUNPATH_SEARCH_PATHS = (
					"$(inherited)",
					"@executable_path/Frameworks",
				);
				PRODUCT_BUNDLE_IDENTIFIER = "TDLSI.ABBYY-Test-Task";
				PRODUCT_NAME = "$(TARGET_NAME)";
				SWIFT_VERSION = 4.2;
				TARGETED_DEVICE_FAMILY = "1,2";
			};
			name = Release;
		};
		451C617F22AA81820021D235 /* Debug */ = {
			isa = XCBuildConfiguration;
			buildSettings = {
				CODE_SIGN_ENTITLEMENTS = TodayExtension/TodayExtension.entitlements;
				CODE_SIGN_STYLE = Automatic;
				DEVELOPMENT_TEAM = C2FFG5QQR9;
				INFOPLIST_FILE = TodayExtension/Info.plist;
				LD_RUNPATH_SEARCH_PATHS = (
					"$(inherited)",
					"@executable_path/Frameworks",
					"@executable_path/../../Frameworks",
				);
				PRODUCT_BUNDLE_IDENTIFIER = "TDLSI.ABBYY-Test-Task.TodayExtension";
				PRODUCT_NAME = "$(TARGET_NAME)";
				SKIP_INSTALL = YES;
				SWIFT_VERSION = 4.2;
				TARGETED_DEVICE_FAMILY = "1,2";
			};
			name = Debug;
		};
		451C618022AA81820021D235 /* Release */ = {
			isa = XCBuildConfiguration;
			buildSettings = {
				CODE_SIGN_ENTITLEMENTS = TodayExtension/TodayExtension.entitlements;
				CODE_SIGN_STYLE = Automatic;
				DEVELOPMENT_TEAM = C2FFG5QQR9;
				INFOPLIST_FILE = TodayExtension/Info.plist;
				LD_RUNPATH_SEARCH_PATHS = (
					"$(inherited)",
					"@executable_path/Frameworks",
					"@executable_path/../../Frameworks",
				);
				PRODUCT_BUNDLE_IDENTIFIER = "TDLSI.ABBYY-Test-Task.TodayExtension";
				PRODUCT_NAME = "$(TARGET_NAME)";
				SKIP_INSTALL = YES;
				SWIFT_VERSION = 4.2;
				TARGETED_DEVICE_FAMILY = "1,2";
			};
			name = Release;
		};
/* End XCBuildConfiguration section */

/* Begin XCConfigurationList section */
		451C614A22A9018F0021D235 /* Build configuration list for PBXProject "ABBYY_Test_Task" */ = {
			isa = XCConfigurationList;
			buildConfigurations = (
				451C615F22A901910021D235 /* Debug */,
				451C616022A901910021D235 /* Release */,
			);
			defaultConfigurationIsVisible = 0;
			defaultConfigurationName = Release;
		};
		451C616122A901910021D235 /* Build configuration list for PBXNativeTarget "ABBYY_Test_Task" */ = {
			isa = XCConfigurationList;
			buildConfigurations = (
				451C616222A901910021D235 /* Debug */,
				451C616322A901910021D235 /* Release */,
			);
			defaultConfigurationIsVisible = 0;
			defaultConfigurationName = Release;
		};
		451C617E22AA81820021D235 /* Build configuration list for PBXNativeTarget "TodayExtension" */ = {
			isa = XCConfigurationList;
			buildConfigurations = (
				451C617F22AA81820021D235 /* Debug */,
				451C618022AA81820021D235 /* Release */,
			);
			defaultConfigurationIsVisible = 0;
			defaultConfigurationName = Release;
		};
/* End XCConfigurationList section */
	};
	rootObject = 451C614722A9018F0021D235 /* Project object */;
}
